
Microsoft Visual Studio Solution File, Format Version 12.00
# Visual Studio Version 16
VisualStudioVersion = 16.0.32106.194
MinimumVisualStudioVersion = 10.0.40219.1
Project("{9A19103F-16F7-4668-BE54-9A1E7A4F7556}") = "CursoCSharp", "CursoCSharp.csproj", "{AAD43F8A-7B61-4FCC-A7B4-A976A964459D}"
EndProject
Project("{FAE04EC0-301F-11D3-BF4B-00C04F79EFBC}") = "Encapsulamento", "..\Encapsulamento\Encapsulamento.csproj", "{EB47E051-6D63-44EC-AC27-DB7B310DFD34}"
EndProject
Global
	GlobalSection(SolutionConfigurationPlatforms) = preSolution
		Debug|Any CPU = Debug|Any CPU
		Release|Any CPU = Release|Any CPU
	EndGlobalSection
	GlobalSection(ProjectConfigurationPlatforms) = postSolution
		{AAD43F8A-7B61-4FCC-A7B4-A976A964459D}.Debug|Any CPU.ActiveCfg = Debug|Any CPU
		{AAD43F8A-7B61-4FCC-A7B4-A976A964459D}.Debug|Any CPU.Build.0 = Debug|Any CPU
		{AAD43F8A-7B61-4FCC-A7B4-A976A964459D}.Release|Any CPU.ActiveCfg = Release|Any CPU
		{AAD43F8A-7B61-4FCC-A7B4-A976A964459D}.Release|Any CPU.Build.0 = Release|Any CPU
		{EB47E051-6D63-44EC-AC27-DB7B310DFD34}.Debug|Any CPU.ActiveCfg = Debug|Any CPU
		{EB47E051-6D63-44EC-AC27-DB7B310DFD34}.Debug|Any CPU.Build.0 = Debug|Any CPU
		{EB47E051-6D63-44EC-AC27-DB7B310DFD34}.Release|Any CPU.ActiveCfg = Release|Any CPU
		{EB47E051-6D63-44EC-AC27-DB7B310DFD34}.Release|Any CPU.Build.0 = Release|Any CPU
	EndGlobalSection
	GlobalSection(SolutionProperties) = preSolution
		HideSolutionNode = FALSE
	EndGlobalSection
	GlobalSection(ExtensibilityGlobals) = postSolution
		SolutionGuid = {921FF034-E568-47C5-A2FD-2CC4C791BFBF}
	EndGlobalSection
EndGlobal
